PODS:
  - Alamofire (5.0.0-rc.2)
  - AlamofireObjectMapper (6.2.0):
    - Alamofire (= 5.0.0-rc.2)
    - ObjectMapper (~> 3.5.1)
  - ObjectMapper (3.5.1)
  - Realm (4.3.1):
    - Realm/Headers (= 4.3.1)
  - Realm/Headers (4.3.1)
  - RealmSwift (4.3.1):
    - Realm (= 4.3.1)
  - SwiftyJSON (5.0.0)

DEPENDENCIES:
  - Alamofire
  - AlamofireObjectMapper
  - RealmSwift
  - SwiftyJSON

SPEC REPOS:
  trunk:
    - Alamofire
    - AlamofireObjectMapper
    - ObjectMapper
    - Realm
    - RealmSwift
    - SwiftyJSON

SPEC CHECKSUMS:
  Alamofire: f9450d3c7f6bea2ad62e7a541c3e9b186c7991d6
  AlamofireObjectMapper: 74d1440c92c42bbcc2b5f4dc81654ac095ec669f
  ObjectMapper: 70187b8941977c62ccfb423caf6b50be405cabf0
  Realm: 31dc40934081ef740f60feedc46d88473cbfeb40
  RealmSwift: b5199e9a41f67b99f51acf6874a6166f5fbe93d1
  SwiftyJSON: 36413e04c44ee145039d332b4f4e2d3e8d6c4db7

PODFILE CHECKSUM: 33c5367560b56a505e38905b8a36405f5dee6ec4

COCOAPODS: 1.8.4
